
Microsoft Visual Studio Solution File, Format Version 12.00
# Visual Studio Version 17
VisualStudioVersion = 17.5.002.0
MinimumVisualStudioVersion = 10.0.40219.1
Project("{9A19103F-16F7-4668-BE54-9A1E7A4F7556}") = "Gulbee.Api", "Gulbee.Api\Gulbee.Api.csproj", "{5761D3C4-1810-4EF6-9E2D-C43D5F47E78B}"
EndProject
Project("{9A19103F-16F7-4668-BE54-9A1E7A4F7556}") = "Gulbee.Frontend", "Gulbee.Frontend\Gulbee.Frontend.csproj", "{E789ABE6-5D9F-411A-8275-181EA290ACC1}"
EndProject
Global
	GlobalSection(SolutionConfigurationPlatforms) = preSolution
		Debug|Any CPU = Debug|Any CPU
		Release|Any CPU = Release|Any CPU
	EndGlobalSection
	GlobalSection(ProjectConfigurationPlatforms) = postSolution
		{5761D3C4-1810-4EF6-9E2D-C43D5F47E78B}.Debug|Any CPU.ActiveCfg = Debug|Any CPU
		{5761D3C4-1810-4EF6-9E2D-C43D5F47E78B}.Debug|Any CPU.Build.0 = Debug|Any CPU
		{5761D3C4-1810-4EF6-9E2D-C43D5F47E78B}.Release|Any CPU.ActiveCfg = Release|Any CPU
		{5761D3C4-1810-4EF6-9E2D-C43D5F47E78B}.Release|Any CPU.Build.0 = Release|Any CPU
		{E789ABE6-5D9F-411A-8275-181EA290ACC1}.Debug|Any CPU.ActiveCfg = Debug|Any CPU
		{E789ABE6-5D9F-411A-8275-181EA290ACC1}.Debug|Any CPU.Build.0 = Debug|Any CPU
		{E789ABE6-5D9F-411A-8275-181EA290ACC1}.Release|Any CPU.ActiveCfg = Release|Any CPU
		{E789ABE6-5D9F-411A-8275-181EA290ACC1}.Release|Any CPU.Build.0 = Release|Any CPU
	EndGlobalSection
	GlobalSection(SolutionProperties) = preSolution
		HideSolutionNode = FALSE
	EndGlobalSection
	GlobalSection(ExtensibilityGlobals) = postSolution
		SolutionGuid = {485EAC9F-6F69-4D27-96B9-F480DFF4EC96}
	EndGlobalSection
EndGlobal
